
Microsoft Visual Studio Solution File, Format Version 12.00
# Visual Studio Version 17
VisualStudioVersion = 17.4.33205.214
MinimumVisualStudioVersion = 10.0.40219.1
Project("{FAE04EC0-301F-11D3-BF4B-00C04F79EFBC}") = "Pacman_proyecto", "Pacman_proyecto.csproj", "{94F9A486-928C-4B2A-B2F1-A25595E62202}"
EndProject
Global
	GlobalSection(SolutionConfigurationPlatforms) = preSolution
		Debug|Any CPU = Debug|Any CPU
		Release|Any CPU = Release|Any CPU
	EndGlobalSection
	GlobalSection(ProjectConfigurationPlatforms) = postSolution
		{94F9A486-928C-4B2A-B2F1-A25595E62202}.Debug|Any CPU.ActiveCfg = Debug|Any CPU
		{94F9A486-928C-4B2A-B2F1-A25595E62202}.Debug|Any CPU.Build.0 = Debug|Any CPU
		{94F9A486-928C-4B2A-B2F1-A25595E62202}.Release|Any CPU.ActiveCfg = Release|Any CPU
		{94F9A486-928C-4B2A-B2F1-A25595E62202}.Release|Any CPU.Build.0 = Release|Any CPU
	EndGlobalSection
	GlobalSection(SolutionProperties) = preSolution
		HideSolutionNode = FALSE
	EndGlobalSection
	GlobalSection(ExtensibilityGlobals) = postSolution
		SolutionGuid = {17352B00-5207-4892-BFB9-FB3B65B4CA80}
	EndGlobalSection
EndGlobal
